
Microsoft Visual Studio Solution File, Format Version 12.00
# Visual Studio Version 17
VisualStudioVersion = 17.4.33213.308
MinimumVisualStudioVersion = 10.0.40219.1
Project("{9A19103F-16F7-4668-BE54-9A1E7A4F7556}") = "ui", "humanas\ui.csproj", "{A96CB222-96CB-475C-86AD-45BEBDCC176E}"
EndProject
Project("{9A19103F-16F7-4668-BE54-9A1E7A4F7556}") = "entity", "entity\entity.csproj", "{7D649CC4-1C4F-486B-8DDB-2CAB5EFC11C5}"
EndProject
Project("{9A19103F-16F7-4668-BE54-9A1E7A4F7556}") = "data.access", "data.access\data.access.csproj", "{F6BD153F-09DA-4E35-9E7E-9C250F35CC48}"
EndProject
Project("{9A19103F-16F7-4668-BE54-9A1E7A4F7556}") = "web.api", "web.api\web.api.csproj", "{643CE31B-D59C-4260-8B5D-FA66BF8FF269}"
EndProject
Global
	GlobalSection(SolutionConfigurationPlatforms) = preSolution
		Debug|Any CPU = Debug|Any CPU
		Release|Any CPU = Release|Any CPU
	EndGlobalSection
	GlobalSection(ProjectConfigurationPlatforms) = postSolution
		{A96CB222-96CB-475C-86AD-45BEBDCC176E}.Debug|Any CPU.ActiveCfg = Debug|Any CPU
		{A96CB222-96CB-475C-86AD-45BEBDCC176E}.Debug|Any CPU.Build.0 = Debug|Any CPU
		{A96CB222-96CB-475C-86AD-45BEBDCC176E}.Release|Any CPU.ActiveCfg = Release|Any CPU
		{A96CB222-96CB-475C-86AD-45BEBDCC176E}.Release|Any CPU.Build.0 = Release|Any CPU
		{7D649CC4-1C4F-486B-8DDB-2CAB5EFC11C5}.Debug|Any CPU.ActiveCfg = Debug|Any CPU
		{7D649CC4-1C4F-486B-8DDB-2CAB5EFC11C5}.Debug|Any CPU.Build.0 = Debug|Any CPU
		{7D649CC4-1C4F-486B-8DDB-2CAB5EFC11C5}.Release|Any CPU.ActiveCfg = Release|Any CPU
		{7D649CC4-1C4F-486B-8DDB-2CAB5EFC11C5}.Release|Any CPU.Build.0 = Release|Any CPU
		{F6BD153F-09DA-4E35-9E7E-9C250F35CC48}.Debug|Any CPU.ActiveCfg = Debug|Any CPU
		{F6BD153F-09DA-4E35-9E7E-9C250F35CC48}.Debug|Any CPU.Build.0 = Debug|Any CPU
		{F6BD153F-09DA-4E35-9E7E-9C250F35CC48}.Release|Any CPU.ActiveCfg = Release|Any CPU
		{F6BD153F-09DA-4E35-9E7E-9C250F35CC48}.Release|Any CPU.Build.0 = Release|Any CPU
		{643CE31B-D59C-4260-8B5D-FA66BF8FF269}.Debug|Any CPU.ActiveCfg = Debug|Any CPU
		{643CE31B-D59C-4260-8B5D-FA66BF8FF269}.Debug|Any CPU.Build.0 = Debug|Any CPU
		{643CE31B-D59C-4260-8B5D-FA66BF8FF269}.Release|Any CPU.ActiveCfg = Release|Any CPU
		{643CE31B-D59C-4260-8B5D-FA66BF8FF269}.Release|Any CPU.Build.0 = Release|Any CPU
	EndGlobalSection
	GlobalSection(SolutionProperties) = preSolution
		HideSolutionNode = FALSE
	EndGlobalSection
	GlobalSection(ExtensibilityGlobals) = postSolution
		SolutionGuid = {20455EE4-46BD-4E49-890D-C5635357A405}
	EndGlobalSection
EndGlobal
